
Microsoft Visual Studio Solution File, Format Version 11.00
# Visual Studio Version 16

Project("{8BC9CEB8-8B4A-11D0-8D11-00A0C91BC942}") = "MiniloGUI - VST3", "MiniloGUI_VST3.vcxproj", "{5CE7670B-D5C8-6AD6-DC23-6661F60B60ED}"
	ProjectSection(ProjectDependencies) = postProject
		{821A9A4A-76AC-4045-6074-CD1E3E370466} = {821A9A4A-76AC-4045-6074-CD1E3E370466}
	EndProjectSection
EndProject
Project("{8BC9CEB8-8B4A-11D0-8D11-00A0C91BC942}") = "MiniloGUI - Shared Code", "MiniloGUI_SharedCode.vcxproj", "{821A9A4A-76AC-4045-6074-CD1E3E370466}"
EndProject
Global
	GlobalSection(SolutionConfigurationPlatforms) = preSolution
		Debug|x64 = Debug|x64
		Release|x64 = Release|x64
	EndGlobalSection
	GlobalSection(ProjectConfigurationPlatforms) = postSolution
		{5CE7670B-D5C8-6AD6-DC23-6661F60B60ED}.Debug|x64.ActiveCfg = Debug|x64
		{5CE7670B-D5C8-6AD6-DC23-6661F60B60ED}.Debug|x64.Build.0 = Debug|x64
		{5CE7670B-D5C8-6AD6-DC23-6661F60B60ED}.Release|x64.ActiveCfg = Release|x64
		{5CE7670B-D5C8-6AD6-DC23-6661F60B60ED}.Release|x64.Build.0 = Release|x64
		{821A9A4A-76AC-4045-6074-CD1E3E370466}.Debug|x64.ActiveCfg = Debug|x64
		{821A9A4A-76AC-4045-6074-CD1E3E370466}.Debug|x64.Build.0 = Debug|x64
		{821A9A4A-76AC-4045-6074-CD1E3E370466}.Release|x64.ActiveCfg = Release|x64
		{821A9A4A-76AC-4045-6074-CD1E3E370466}.Release|x64.Build.0 = Release|x64
	EndGlobalSection
	GlobalSection(SolutionProperties) = preSolution
		HideSolutionNode = FALSE
	EndGlobalSection
EndGlobal
