
Microsoft Visual Studio Solution File, Format Version 11.00
# Visual Studio Version 17

Project("{8BC9CEB8-8B4A-11D0-8D11-00A0C91BC942}") = "MiniloGUI 2026 - Standalone Plugin", "MiniloGUI 2026_StandalonePlugin.vcxproj", "{7B2FDFE2-6DB0-95CB-BEA1-5800AE2DA15E}"
	ProjectSection(ProjectDependencies) = postProject
		{04A7F429-773C-763B-C23A-74F0749AA6FD} = {04A7F429-773C-763B-C23A-74F0749AA6FD}
	EndProjectSection
EndProject
Project("{8BC9CEB8-8B4A-11D0-8D11-00A0C91BC942}") = "MiniloGUI 2026 - VST3", "MiniloGUI 2026_VST3.vcxproj", "{122B77F0-1FBD-B2FC-329B-C7C94EE9BFD5}"
	ProjectSection(ProjectDependencies) = postProject
		{04A7F429-773C-763B-C23A-74F0749AA6FD} = {04A7F429-773C-763B-C23A-74F0749AA6FD}
		{2D15C8CB-3618-03B2-1594-82113A7CADB3} = {2D15C8CB-3618-03B2-1594-82113A7CADB3}
	EndProjectSection
EndProject
Project("{8BC9CEB8-8B4A-11D0-8D11-00A0C91BC942}") = "MiniloGUI 2026 - Shared Code", "MiniloGUI 2026_SharedCode.vcxproj", "{04A7F429-773C-763B-C23A-74F0749AA6FD}"
EndProject
Project("{8BC9CEB8-8B4A-11D0-8D11-00A0C91BC942}") = "MiniloGUI 2026 - VST3 Manifest Helper", "MiniloGUI 2026_VST3ManifestHelper.vcxproj", "{2D15C8CB-3618-03B2-1594-82113A7CADB3}"
EndProject
Global
	GlobalSection(SolutionConfigurationPlatforms) = preSolution
		Debug|x64 = Debug|x64
		Release|x64 = Release|x64
	EndGlobalSection
	GlobalSection(ProjectConfigurationPlatforms) = postSolution
		{122B77F0-1FBD-B2FC-329B-C7C94EE9BFD5}.Debug|x64.ActiveCfg = Debug|x64
		{122B77F0-1FBD-B2FC-329B-C7C94EE9BFD5}.Debug|x64.Build.0 = Debug|x64
		{122B77F0-1FBD-B2FC-329B-C7C94EE9BFD5}.Release|x64.ActiveCfg = Release|x64
		{122B77F0-1FBD-B2FC-329B-C7C94EE9BFD5}.Release|x64.Build.0 = Release|x64
		{7B2FDFE2-6DB0-95CB-BEA1-5800AE2DA15E}.Debug|x64.ActiveCfg = Debug|x64
		{7B2FDFE2-6DB0-95CB-BEA1-5800AE2DA15E}.Debug|x64.Build.0 = Debug|x64
		{7B2FDFE2-6DB0-95CB-BEA1-5800AE2DA15E}.Release|x64.ActiveCfg = Release|x64
		{7B2FDFE2-6DB0-95CB-BEA1-5800AE2DA15E}.Release|x64.Build.0 = Release|x64
		{04A7F429-773C-763B-C23A-74F0749AA6FD}.Debug|x64.ActiveCfg = Debug|x64
		{04A7F429-773C-763B-C23A-74F0749AA6FD}.Debug|x64.Build.0 = Debug|x64
		{04A7F429-773C-763B-C23A-74F0749AA6FD}.Release|x64.ActiveCfg = Release|x64
		{04A7F429-773C-763B-C23A-74F0749AA6FD}.Release|x64.Build.0 = Release|x64
		{2D15C8CB-3618-03B2-1594-82113A7CADB3}.Debug|x64.ActiveCfg = Debug|Win32
		{2D15C8CB-3618-03B2-1594-82113A7CADB3}.Debug|x64.Build.0 = Debug|Win32
		{2D15C8CB-3618-03B2-1594-82113A7CADB3}.Release|x64.ActiveCfg = Release|Win32
		{2D15C8CB-3618-03B2-1594-82113A7CADB3}.Release|x64.Build.0 = Release|Win32
	EndGlobalSection
	GlobalSection(SolutionProperties) = preSolution
		HideSolutionNode = FALSE
	EndGlobalSection
EndGlobal
