
Microsoft Visual Studio Solution File, Format Version 11.00
# Visual Studio Version 17

Project("{8BC9CEB8-8B4A-11D0-8D11-00A0C91BC942}") = "P-600-GUI 2026 - VST3", "P-600-GUI 2026_VST3.vcxproj", "{B344DEED-1644-54A9-1B7C-474DB25E9F42}"
	ProjectSection(ProjectDependencies) = postProject
		{8451F672-0E10-77F7-B2FE-5034FE66F8D1} = {8451F672-0E10-77F7-B2FE-5034FE66F8D1}
		{6559BF7A-DD12-83CF-7B52-92E5BF593850} = {6559BF7A-DD12-83CF-7B52-92E5BF593850}
	EndProjectSection
EndProject
Project("{8BC9CEB8-8B4A-11D0-8D11-00A0C91BC942}") = "P-600-GUI 2026 - Shared Code", "P-600-GUI 2026_SharedCode.vcxproj", "{8451F672-0E10-77F7-B2FE-5034FE66F8D1}"
EndProject
Project("{8BC9CEB8-8B4A-11D0-8D11-00A0C91BC942}") = "P-600-GUI 2026 - VST3 Manifest Helper", "P-600-GUI 2026_VST3ManifestHelper.vcxproj", "{6559BF7A-DD12-83CF-7B52-92E5BF593850}"
EndProject
Global
	GlobalSection(SolutionConfigurationPlatforms) = preSolution
		Debug|x64 = Debug|x64
		Release|x64 = Release|x64
	EndGlobalSection
	GlobalSection(ProjectConfigurationPlatforms) = postSolution
		{B344DEED-1644-54A9-1B7C-474DB25E9F42}.Debug|x64.ActiveCfg = Debug|x64
		{B344DEED-1644-54A9-1B7C-474DB25E9F42}.Debug|x64.Build.0 = Debug|x64
		{B344DEED-1644-54A9-1B7C-474DB25E9F42}.Release|x64.ActiveCfg = Release|x64
		{B344DEED-1644-54A9-1B7C-474DB25E9F42}.Release|x64.Build.0 = Release|x64
		{8451F672-0E10-77F7-B2FE-5034FE66F8D1}.Debug|x64.ActiveCfg = Debug|x64
		{8451F672-0E10-77F7-B2FE-5034FE66F8D1}.Debug|x64.Build.0 = Debug|x64
		{8451F672-0E10-77F7-B2FE-5034FE66F8D1}.Release|x64.ActiveCfg = Release|x64
		{8451F672-0E10-77F7-B2FE-5034FE66F8D1}.Release|x64.Build.0 = Release|x64
		{6559BF7A-DD12-83CF-7B52-92E5BF593850}.Debug|x64.ActiveCfg = Debug|x64
		{6559BF7A-DD12-83CF-7B52-92E5BF593850}.Debug|x64.Build.0 = Debug|x64
		{6559BF7A-DD12-83CF-7B52-92E5BF593850}.Release|x64.ActiveCfg = Release|x64
		{6559BF7A-DD12-83CF-7B52-92E5BF593850}.Release|x64.Build.0 = Release|x64
	EndGlobalSection
	GlobalSection(SolutionProperties) = preSolution
		HideSolutionNode = FALSE
	EndGlobalSection
EndGlobal
